
Microsoft Visual Studio Solution File, Format Version 12.00
# Visual Studio 15
VisualStudioVersion = 15.0.28307.1525
MinimumVisualStudioVersion = 10.0.40219.1
Project("{8BC9CEB8-8B4A-11D0-8D11-00A0C91BC942}") = "study01", "study01\study01.vcxproj", "{6D0A74A1-C9A6-4681-89D8-A5D5D8719EF7}"
EndProject
Global
	GlobalSection(SolutionConfigurationPlatforms) = preSolution
		Debug|x64 = Debug|x64
		Debug|x86 = Debug|x86
		Release|x64 = Release|x64
		Release|x86 = Release|x86
	EndGlobalSection
	GlobalSection(ProjectConfigurationPlatforms) = postSolution
		{6D0A74A1-C9A6-4681-89D8-A5D5D8719EF7}.Debug|x64.ActiveCfg = Debug|x64
		{6D0A74A1-C9A6-4681-89D8-A5D5D8719EF7}.Debug|x64.Build.0 = Debug|x64
		{6D0A74A1-C9A6-4681-89D8-A5D5D8719EF7}.Debug|x86.ActiveCfg = Debug|Win32
		{6D0A74A1-C9A6-4681-89D8-A5D5D8719EF7}.Debug|x86.Build.0 = Debug|Win32
		{6D0A74A1-C9A6-4681-89D8-A5D5D8719EF7}.Release|x64.ActiveCfg = Release|x64
		{6D0A74A1-C9A6-4681-89D8-A5D5D8719EF7}.Release|x64.Build.0 = Release|x64
		{6D0A74A1-C9A6-4681-89D8-A5D5D8719EF7}.Release|x86.ActiveCfg = Release|Win32
		{6D0A74A1-C9A6-4681-89D8-A5D5D8719EF7}.Release|x86.Build.0 = Release|Win32
	EndGlobalSection
	GlobalSection(SolutionProperties) = preSolution
		HideSolutionNode = FALSE
	EndGlobalSection
	GlobalSection(ExtensibilityGlobals) = postSolution
		SolutionGuid = {B85D642B-6917-45FA-B7C5-B84A08162EC3}
	EndGlobalSection
EndGlobal
